
Microsoft Visual Studio Solution File, Format Version 12.00
# Visual Studio Version 17
VisualStudioVersion = 17.12.35521.163
MinimumVisualStudioVersion = 10.0.40219.1
Project("{FAE04EC0-301F-11D3-BF4B-00C04F79EFBC}") = "AutoTrackR2", "AutoTrackR2\AutoTrackR2.csproj", "{31093634-8FBB-4BC6-BEA4-DAD6C11404F3}"
EndProject
Global
	GlobalSection(SolutionConfigurationPlatforms) = preSolution
		Debug|Any CPU = Debug|Any CPU
		Debug|x64 = Debug|x64
		Release|Any CPU = Release|Any CPU
		Release|x64 = Release|x64
		Test|Any CPU = Test|Any CPU
		Test|x64 = Test|x64
	EndGlobalSection
	GlobalSection(ProjectConfigurationPlatforms) = postSolution
		{31093634-8FBB-4BC6-BEA4-DAD6C11404F3}.Debug|Any CPU.ActiveCfg = Debug|Any CPU
		{31093634-8FBB-4BC6-BEA4-DAD6C11404F3}.Debug|Any CPU.Build.0 = Debug|Any CPU
		{31093634-8FBB-4BC6-BEA4-DAD6C11404F3}.Debug|x64.ActiveCfg = Debug|x64
		{31093634-8FBB-4BC6-BEA4-DAD6C11404F3}.Debug|x64.Build.0 = Debug|x64
		{31093634-8FBB-4BC6-BEA4-DAD6C11404F3}.Release|Any CPU.ActiveCfg = Release|Any CPU
		{31093634-8FBB-4BC6-BEA4-DAD6C11404F3}.Release|Any CPU.Build.0 = Release|Any CPU
		{31093634-8FBB-4BC6-BEA4-DAD6C11404F3}.Release|x64.ActiveCfg = Release|x64
		{31093634-8FBB-4BC6-BEA4-DAD6C11404F3}.Release|x64.Build.0 = Release|x64
		{31093634-8FBB-4BC6-BEA4-DAD6C11404F3}.Test|Any CPU.ActiveCfg = Test|Any CPU
		{31093634-8FBB-4BC6-BEA4-DAD6C11404F3}.Test|Any CPU.Build.0 = Test|Any CPU
		{31093634-8FBB-4BC6-BEA4-DAD6C11404F3}.Test|x64.ActiveCfg = Test|x64
		{31093634-8FBB-4BC6-BEA4-DAD6C11404F3}.Test|x64.Build.0 = Test|x64
	EndGlobalSection
	GlobalSection(SolutionProperties) = preSolution
		HideSolutionNode = FALSE
	EndGlobalSection
EndGlobal
